
Microsoft Visual Studio Solution File, Format Version 12.00
# Visual Studio Version 16
VisualStudioVersion = 16.0.31624.102
MinimumVisualStudioVersion = 10.0.40219.1
Project("{FAE04EC0-301F-11D3-BF4B-00C04F79EFBC}") = "SODV_2101_Term_Project", "SODV_2101_Term_Project.csproj", "{FF0476E4-7D4A-4B68-8512-341040BE1BB7}"
EndProject
Global
	GlobalSection(SolutionConfigurationPlatforms) = preSolution
		Debug|Any CPU = Debug|Any CPU
		Release|Any CPU = Release|Any CPU
	EndGlobalSection
	GlobalSection(ProjectConfigurationPlatforms) = postSolution
		{FF0476E4-7D4A-4B68-8512-341040BE1BB7}.Debug|Any CPU.ActiveCfg = Debug|Any CPU
		{FF0476E4-7D4A-4B68-8512-341040BE1BB7}.Debug|Any CPU.Build.0 = Debug|Any CPU
		{FF0476E4-7D4A-4B68-8512-341040BE1BB7}.Release|Any CPU.ActiveCfg = Release|Any CPU
		{FF0476E4-7D4A-4B68-8512-341040BE1BB7}.Release|Any CPU.Build.0 = Release|Any CPU
	EndGlobalSection
	GlobalSection(SolutionProperties) = preSolution
		HideSolutionNode = FALSE
	EndGlobalSection
	GlobalSection(ExtensibilityGlobals) = postSolution
		SolutionGuid = {5BC4B7D8-14B7-43BF-9848-FDFB96A2905B}
	EndGlobalSection
EndGlobal
